
Microsoft Visual Studio Solution File, Format Version 12.00
# Visual Studio Version 17
VisualStudioVersion = 17.6.33723.286
MinimumVisualStudioVersion = 10.0.40219.1
Project("{FAE04EC0-301F-11D3-BF4B-00C04F79EFBC}") = "ReText9yin", "ReText9yin\ReText9yin.csproj", "{5A683000-ED48-4C5E-BF8A-DFBE2072426B}"
EndProject
Global
	GlobalSection(SolutionConfigurationPlatforms) = preSolution
		Debug|Any CPU = Debug|Any CPU
		Release|Any CPU = Release|Any CPU
	EndGlobalSection
	GlobalSection(ProjectConfigurationPlatforms) = postSolution
		{5A683000-ED48-4C5E-BF8A-DFBE2072426B}.Debug|Any CPU.ActiveCfg = Debug|Any CPU
		{5A683000-ED48-4C5E-BF8A-DFBE2072426B}.Debug|Any CPU.Build.0 = Debug|Any CPU
		{5A683000-ED48-4C5E-BF8A-DFBE2072426B}.Release|Any CPU.ActiveCfg = Release|Any CPU
		{5A683000-ED48-4C5E-BF8A-DFBE2072426B}.Release|Any CPU.Build.0 = Release|Any CPU
	EndGlobalSection
	GlobalSection(SolutionProperties) = preSolution
		HideSolutionNode = FALSE
	EndGlobalSection
	GlobalSection(ExtensibilityGlobals) = postSolution
		SolutionGuid = {543E0126-E9AE-40F8-9F1C-092BD829A5F2}
	EndGlobalSection
EndGlobal
